// !$*UTF8*$!
{
	archiveVersion = 1;
	classes = {
	};
	objectVersion = 46;
	objects = {

/* Begin PBXFileReference section */
		B21598061D3CF6F7006FBAEC /* MyPlayground.playground */ = {isa = PBXFileReference; lastKnownFileType = file.playground; path = MyPlayground.playground; sourceTree = "<group>"; };
/* End PBXFileReference section */

/* Begin PBXGroup section */
		B21597FF1D3CF6D4006FBAEC = {
			isa = PBXGroup;
			children = (
				B21598061D3CF6F7006FBAEC /* MyPlayground.playground */,
			);
			sourceTree = "<group>";
		};
/* End PBXGroup section */

/* Begin PBXProject section */
		B21598001D3CF6D4006FBAEC /* Project object */ = {
			isa = PBXProject;
			attributes = {
				LastUpgradeCheck = 0800;
			};
			buildConfigurationList = B21598031D3CF6D4006FBAEC /* Build configuration list for PBXProject "Entrega01" */;
			compatibilityVersion = "Xcode 3.2";
			developmentRegion = English;
			hasScannedForEncodings = 0;
			knownRegions = (
				en,
			);
			mainGroup = B21597FF1D3CF6D4006FBAEC;
			projectDirPath = "";
			projectRoot = "";
			targets = (
			);
		};
/* End PBXProject section */

/* Begin XCBuildConfiguration section */
		B21598041D3CF6D4006FBAEC /* Debug */ = {
			isa = XCBuildConfiguration;
			buildSettings = {
			};
			name = Debug;
		};
		B21598051D3CF6D4006FBAEC /* Release */ = {
			isa = XCBuildConfiguration;
			buildSettings = {
			};
			name = Release;
		};
/* End XCBuildConfiguration section */

/* Begin XCConfigurationList section */
		B21598031D3CF6D4006FBAEC /* Build configuration list for PBXProject "Entrega01" */ = {
			isa = XCConfigurationList;
			buildConfigurations = (
				B21598041D3CF6D4006FBAEC /* Debug */,
				B21598051D3CF6D4006FBAEC /* Release */,
			);
			defaultConfigurationIsVisible = 0;
			defaultConfigurationName = Release;
		};
/* End XCConfigurationList section */
	};
	rootObject = B21598001D3CF6D4006FBAEC /* Project object */;
}
