// !$*UTF8*$!
{
	archiveVersion = 1;
	classes = {
	};
	objectVersion = 46;
	objects = {

/* Begin PBXBuildFile section */
		B2BCA90A1D4BBBCD00CA025E /* AppDelegate.swift in Sources */ = {isa = PBXBuildFile; fileRef = B2BCA9091D4BBBCD00CA025E /* AppDelegate.swift */; };
		B2BCA90C1D4BBBCD00CA025E /* ViewController.swift in Sources */ = {isa = PBXBuildFile; fileRef = B2BCA90B1D4BBBCD00CA025E /* ViewController.swift */; };
		B2BCA90F1D4BBBCD00CA025E /* Main.storyboard in Resources */ = {isa = PBXBuildFile; fileRef = B2BCA90D1D4BBBCD00CA025E /* Main.storyboard */; };
		B2BCA9111D4BBBCD00CA025E /* Assets.xcassets in Resources */ = {isa = PBXBuildFile; fileRef = B2BCA9101D4BBBCD00CA025E /* Assets.xcassets */; };
		B2BCA9141D4BBBCD00CA025E /* LaunchScreen.storyboard in Resources */ = {isa = PBXBuildFile; fileRef = B2BCA9121D4BBBCD00CA025E /* LaunchScreen.storyboard */; };
		B2BCA91C1D4BC15D00CA025E /* vistaResultados.swift in Sources */ = {isa = PBXBuildFile; fileRef = B2BCA91B1D4BC15D00CA025E /* vistaResultados.swift */; };
/* End PBXBuildFile section */

/* Begin PBXFileReference section */
		B2BCA9061D4BBBCD00CA025E /* ISBNsearch.app */ = {isa = PBXFileReference; explicitFileType = wrapper.application; includeInIndex = 0; path = ISBNsearch.app; sourceTree = BUILT_PRODUCTS_DIR; };
		B2BCA9091D4BBBCD00CA025E /* AppDelegate.swift */ = {isa = PBXFileReference; lastKnownFileType = sourcecode.swift; path = AppDelegate.swift; sourceTree = "<group>"; };
		B2BCA90B1D4BBBCD00CA025E /* ViewController.swift */ = {isa = PBXFileReference; lastKnownFileType = sourcecode.swift; path = ViewController.swift; sourceTree = "<group>"; };
		B2BCA90E1D4BBBCD00CA025E /* Base */ = {isa = PBXFileReference; lastKnownFileType = file.storyboard; name = Base; path = Base.lproj/Main.storyboard; sourceTree = "<group>"; };
		B2BCA9101D4BBBCD00CA025E /* Assets.xcassets */ = {isa = PBXFileReference; lastKnownFileType = folder.assetcatalog; path = Assets.xcassets; sourceTree = "<group>"; };
		B2BCA9131D4BBBCD00CA025E /* Base */ = {isa = PBXFileReference; lastKnownFileType = file.storyboard; name = Base; path = Base.lproj/LaunchScreen.storyboard; sourceTree = "<group>"; };
		B2BCA9151D4BBBCD00CA025E /* Info.plist */ = {isa = PBXFileReference; lastKnownFileType = text.plist.xml; path = Info.plist; sourceTree = "<group>"; };
		B2BCA91B1D4BC15D00CA025E /* vistaResultados.swift */ = {isa = PBXFileReference; fileEncoding = 4; lastKnownFileType = sourcecode.swift; path = vistaResultados.swift; sourceTree = "<group>"; };
/* End PBXFileReference section */

/* Begin PBXFrameworksBuildPhase section */
		B2BCA9031D4BBBCC00CA025E /* Frameworks */ = {
			isa = PBXFrameworksBuildPhase;
			buildActionMask = 2147483647;
			files = (
			);
			runOnlyForDeploymentPostprocessing = 0;
		};
/* End PBXFrameworksBuildPhase section */

/* Begin PBXGroup section */
		B2BCA8FD1D4BBBCC00CA025E = {
			isa = PBXGroup;
			children = (
				B2BCA9081D4BBBCD00CA025E /* ISBNsearch */,
				B2BCA9071D4BBBCD00CA025E /* Products */,
			);
			sourceTree = "<group>";
		};
		B2BCA9071D4BBBCD00CA025E /* Products */ = {
			isa = PBXGroup;
			children = (
				B2BCA9061D4BBBCD00CA025E /* ISBNsearch.app */,
			);
			name = Products;
			sourceTree = "<group>";
		};
		B2BCA9081D4BBBCD00CA025E /* ISBNsearch */ = {
			isa = PBXGroup;
			children = (
				B2BCA9091D4BBBCD00CA025E /* AppDelegate.swift */,
				B2BCA90B1D4BBBCD00CA025E /* ViewController.swift */,
				B2BCA90D1D4BBBCD00CA025E /* Main.storyboard */,
				B2BCA9101D4BBBCD00CA025E /* Assets.xcassets */,
				B2BCA9121D4BBBCD00CA025E /* LaunchScreen.storyboard */,
				B2BCA9151D4BBBCD00CA025E /* Info.plist */,
				B2BCA91B1D4BC15D00CA025E /* vistaResultados.swift */,
			);
			path = ISBNsearch;
			sourceTree = "<group>";
		};
/* End PBXGroup section */

/* Begin PBXNativeTarget section */
		B2BCA9051D4BBBCC00CA025E /* ISBNsearch */ = {
			isa = PBXNativeTarget;
			buildConfigurationList = B2BCA9181D4BBBCD00CA025E /* Build configuration list for PBXNativeTarget "ISBNsearch" */;
			buildPhases = (
				B2BCA9021D4BBBCC00CA025E /* Sources */,
				B2BCA9031D4BBBCC00CA025E /* Frameworks */,
				B2BCA9041D4BBBCC00CA025E /* Resources */,
			);
			buildRules = (
			);
			dependencies = (
			);
			name = ISBNsearch;
			productName = ISBNsearch;
			productReference = B2BCA9061D4BBBCD00CA025E /* ISBNsearch.app */;
			productType = "com.apple.product-type.application";
		};
/* End PBXNativeTarget section */

/* Begin PBXProject section */
		B2BCA8FE1D4BBBCC00CA025E /* Project object */ = {
			isa = PBXProject;
			attributes = {
				LastSwiftUpdateCheck = 0800;
				LastUpgradeCheck = 0800;
				ORGANIZATIONNAME = robertocarrasco.es;
				TargetAttributes = {
					B2BCA9051D4BBBCC00CA025E = {
						CreatedOnToolsVersion = 8.0;
						DevelopmentTeam = 43264LUSGJ;
						DevelopmentTeamName = "Roberto Carrasco (Personal Team)";
						ProvisioningStyle = Automatic;
					};
				};
			};
			buildConfigurationList = B2BCA9011D4BBBCC00CA025E /* Build configuration list for PBXProject "ISBNsearch" */;
			compatibilityVersion = "Xcode 3.2";
			developmentRegion = English;
			hasScannedForEncodings = 0;
			knownRegions = (
				en,
				Base,
			);
			mainGroup = B2BCA8FD1D4BBBCC00CA025E;
			productRefGroup = B2BCA9071D4BBBCD00CA025E /* Products */;
			projectDirPath = "";
			projectRoot = "";
			targets = (
				B2BCA9051D4BBBCC00CA025E /* ISBNsearch */,
			);
		};
/* End PBXProject section */

/* Begin PBXResourcesBuildPhase section */
		B2BCA9041D4BBBCC00CA025E /* Resources */ = {
			isa = PBXResourcesBuildPhase;
			buildActionMask = 2147483647;
			files = (
				B2BCA9141D4BBBCD00CA025E /* LaunchScreen.storyboard in Resources */,
				B2BCA9111D4BBBCD00CA025E /* Assets.xcassets in Resources */,
				B2BCA90F1D4BBBCD00CA025E /* Main.storyboard in Resources */,
			);
			runOnlyForDeploymentPostprocessing = 0;
		};
/* End PBXResourcesBuildPhase section */

/* Begin PBXSourcesBuildPhase section */
		B2BCA9021D4BBBCC00CA025E /* Sources */ = {
			isa = PBXSourcesBuildPhase;
			buildActionMask = 2147483647;
			files = (
				B2BCA90C1D4BBBCD00CA025E /* ViewController.swift in Sources */,
				B2BCA90A1D4BBBCD00CA025E /* AppDelegate.swift in Sources */,
				B2BCA91C1D4BC15D00CA025E /* vistaResultados.swift in Sources */,
			);
			runOnlyForDeploymentPostprocessing = 0;
		};
/* End PBXSourcesBuildPhase section */

/* Begin PBXVariantGroup section */
		B2BCA90D1D4BBBCD00CA025E /* Main.storyboard */ = {
			isa = PBXVariantGroup;
			children = (
				B2BCA90E1D4BBBCD00CA025E /* Base */,
			);
			name = Main.storyboard;
			sourceTree = "<group>";
		};
		B2BCA9121D4BBBCD00CA025E /* LaunchScreen.storyboard */ = {
			isa = PBXVariantGroup;
			children = (
				B2BCA9131D4BBBCD00CA025E /* Base */,
			);
			name = LaunchScreen.storyboard;
			sourceTree = "<group>";
		};
/* End PBXVariantGroup section */

/* Begin XCBuildConfiguration section */
		B2BCA9161D4BBBCD00CA025E /* Debug */ = {
			isa = XCBuildConfiguration;
			buildSettings = {
				ALWAYS_SEARCH_USER_PATHS = NO;
				CLANG_ANALYZER_NONNULL = YES;
				CLANG_CXX_LANGUAGE_STANDARD = "gnu++0x";
				CLANG_CXX_LIBRARY = "libc++";
				CLANG_ENABLE_MODULES = YES;
				CLANG_ENABLE_OBJC_ARC = YES;
				CLANG_WARN_BOOL_CONVERSION = YES;
				CLANG_WARN_CONSTANT_CONVERSION = YES;
				CLANG_WARN_DIRECT_OBJC_ISA_USAGE = YES_ERROR;
				CLANG_WARN_DOCUMENTATION_COMMENTS = YES;
				CLANG_WARN_EMPTY_BODY = YES;
				CLANG_WARN_ENUM_CONVERSION = YES;
				CLANG_WARN_INT_CONVERSION = YES;
				CLANG_WARN_OBJC_ROOT_CLASS = YES_ERROR;
				CLANG_WARN_UNREACHABLE_CODE = YES;
				CLANG_WARN__DUPLICATE_METHOD_MATCH = YES;
				"CODE_SIGN_IDENTITY[sdk=iphoneos*]" = "iPhone Developer";
				COPY_PHASE_STRIP = NO;
				DEBUG_INFORMATION_FORMAT = dwarf;
				ENABLE_STRICT_OBJC_MSGSEND = YES;
				ENABLE_TESTABILITY = YES;
				GCC_C_LANGUAGE_STANDARD = gnu99;
				GCC_DYNAMIC_NO_PIC = NO;
				GCC_NO_COMMON_BLOCKS = YES;
				GCC_OPTIMIZATION_LEVEL = 0;
				GCC_PREPROCESSOR_DEFINITIONS = (
					"DEBUG=1",
					"$(inherited)",
				);
				GCC_WARN_64_TO_32_BIT_CONVERSION = YES;
				GCC_WARN_ABOUT_RETURN_TYPE = YES_ERROR;
				GCC_WARN_UNDECLARED_SELECTOR = YES;
				GCC_WARN_UNINITIALIZED_AUTOS = YES_AGGRESSIVE;
				GCC_WARN_UNUSED_FUNCTION = YES;
				GCC_WARN_UNUSED_VARIABLE = YES;
				IPHONEOS_DEPLOYMENT_TARGET = 9.3;
				MTL_ENABLE_DEBUG_INFO = YES;
				ONLY_ACTIVE_ARCH = YES;
				SDKROOT = iphoneos;
				SWIFT_ACTIVE_COMPILATION_CONDITIONS = DEBUG;
				SWIFT_OPTIMIZATION_LEVEL = "-Onone";
				TARGETED_DEVICE_FAMILY = "1,2";
			};
			name = Debug;
		};
		B2BCA9171D4BBBCD00CA025E /* Release */ = {
			isa = XCBuildConfiguration;
			buildSettings = {
				ALWAYS_SEARCH_USER_PATHS = NO;
				CLANG_ANALYZER_NONNULL = YES;
				CLANG_CXX_LANGUAGE_STANDARD = "gnu++0x";
				CLANG_CXX_LIBRARY = "libc++";
				CLANG_ENABLE_MODULES = YES;
				CLANG_ENABLE_OBJC_ARC = YES;
				CLANG_WARN_BOOL_CONVERSION = YES;
				CLANG_WARN_CONSTANT_CONVERSION = YES;
				CLANG_WARN_DIRECT_OBJC_ISA_USAGE = YES_ERROR;
				CLANG_WARN_DOCUMENTATION_COMMENTS = YES;
				CLANG_WARN_EMPTY_BODY = YES;
				CLANG_WARN_ENUM_CONVERSION = YES;
				CLANG_WARN_INT_CONVERSION = YES;
				CLANG_WARN_OBJC_ROOT_CLASS = YES_ERROR;
				CLANG_WARN_UNREACHABLE_CODE = YES;
				CLANG_WARN__DUPLICATE_METHOD_MATCH = YES;
				"CODE_SIGN_IDENTITY[sdk=iphoneos*]" = "iPhone Developer";
				COPY_PHASE_STRIP = NO;
				DEBUG_INFORMATION_FORMAT = "dwarf-with-dsym";
				ENABLE_NS_ASSERTIONS = NO;
				ENABLE_STRICT_OBJC_MSGSEND = YES;
				GCC_C_LANGUAGE_STANDARD = gnu99;
				GCC_NO_COMMON_BLOCKS = YES;
				GCC_WARN_64_TO_32_BIT_CONVERSION = YES;
				GCC_WARN_ABOUT_RETURN_TYPE = YES_ERROR;
				GCC_WARN_UNDECLARED_SELECTOR = YES;
				GCC_WARN_UNINITIALIZED_AUTOS = YES_AGGRESSIVE;
				GCC_WARN_UNUSED_FUNCTION = YES;
				GCC_WARN_UNUSED_VARIABLE = YES;
				IPHONEOS_DEPLOYMENT_TARGET = 9.3;
				MTL_ENABLE_DEBUG_INFO = NO;
				SDKROOT = iphoneos;
				SWIFT_OPTIMIZATION_LEVEL = "-Owholemodule";
				TARGETED_DEVICE_FAMILY = "1,2";
				VALIDATE_PRODUCT = YES;
			};
			name = Release;
		};
		B2BCA9191D4BBBCD00CA025E /* Debug */ = {
			isa = XCBuildConfiguration;
			buildSettings = {
				ASSETCATALOG_COMPILER_APPICON_NAME = AppIcon;
				INFOPLIST_FILE = ISBNsearch/Info.plist;
				IPHONEOS_DEPLOYMENT_TARGET = 9.2;
				LD_RUNPATH_SEARCH_PATHS = "$(inherited) @executable_path/Frameworks";
				PRODUCT_BUNDLE_IDENTIFIER = es.robertocarrasco.ISBNsearch;
				PRODUCT_NAME = "$(TARGET_NAME)";
				SWIFT_VERSION = 3.0;
				TARGETED_DEVICE_FAMILY = "1,2";
			};
			name = Debug;
		};
		B2BCA91A1D4BBBCD00CA025E /* Release */ = {
			isa = XCBuildConfiguration;
			buildSettings = {
				ASSETCATALOG_COMPILER_APPICON_NAME = AppIcon;
				INFOPLIST_FILE = ISBNsearch/Info.plist;
				IPHONEOS_DEPLOYMENT_TARGET = 9.2;
				LD_RUNPATH_SEARCH_PATHS = "$(inherited) @executable_path/Frameworks";
				PRODUCT_BUNDLE_IDENTIFIER = es.robertocarrasco.ISBNsearch;
				PRODUCT_NAME = "$(TARGET_NAME)";
				SWIFT_VERSION = 3.0;
				TARGETED_DEVICE_FAMILY = "1,2";
			};
			name = Release;
		};
/* End XCBuildConfiguration section */

/* Begin XCConfigurationList section */
		B2BCA9011D4BBBCC00CA025E /* Build configuration list for PBXProject "ISBNsearch" */ = {
			isa = XCConfigurationList;
			buildConfigurations = (
				B2BCA9161D4BBBCD00CA025E /* Debug */,
				B2BCA9171D4BBBCD00CA025E /* Release */,
			);
			defaultConfigurationIsVisible = 0;
			defaultConfigurationName = Release;
		};
		B2BCA9181D4BBBCD00CA025E /* Build configuration list for PBXNativeTarget "ISBNsearch" */ = {
			isa = XCConfigurationList;
			buildConfigurations = (
				B2BCA9191D4BBBCD00CA025E /* Debug */,
				B2BCA91A1D4BBBCD00CA025E /* Release */,
			);
			defaultConfigurationIsVisible = 0;
			defaultConfigurationName = Release;
		};
/* End XCConfigurationList section */
	};
	rootObject = B2BCA8FE1D4BBBCC00CA025E /* Project object */;
}
